
Microsoft Visual Studio Solution File, Format Version 12.00
# Visual Studio Version 17
VisualStudioVersion = 17.9.34622.214
MinimumVisualStudioVersion = 10.0.40219.1
Project("{FAE04EC0-301F-11D3-BF4B-00C04F79EFBC}") = "Laboratorio Programacion", "Laboratorio Programacion\Laboratorio Programacion.csproj", "{6CA392AA-DD22-41DB-B3CF-9E0823D4D1D8}"
EndProject
Global
	GlobalSection(SolutionConfigurationPlatforms) = preSolution
		Debug|Any CPU = Debug|Any CPU
		Release|Any CPU = Release|Any CPU
	EndGlobalSection
	GlobalSection(ProjectConfigurationPlatforms) = postSolution
		{6CA392AA-DD22-41DB-B3CF-9E0823D4D1D8}.Debug|Any CPU.ActiveCfg = Debug|Any CPU
		{6CA392AA-DD22-41DB-B3CF-9E0823D4D1D8}.Debug|Any CPU.Build.0 = Debug|Any CPU
		{6CA392AA-DD22-41DB-B3CF-9E0823D4D1D8}.Release|Any CPU.ActiveCfg = Release|Any CPU
		{6CA392AA-DD22-41DB-B3CF-9E0823D4D1D8}.Release|Any CPU.Build.0 = Release|Any CPU
	EndGlobalSection
	GlobalSection(SolutionProperties) = preSolution
		HideSolutionNode = FALSE
	EndGlobalSection
	GlobalSection(ExtensibilityGlobals) = postSolution
		SolutionGuid = {D97BC4F0-6FD3-4E21-84D1-1A35EA769275}
	EndGlobalSection
EndGlobal
